
Microsoft Visual Studio Solution File, Format Version 12.00
# Visual Studio 14
VisualStudioVersion = 14.0.25420.1
MinimumVisualStudioVersion = 10.0.40219.1
Project("{2150E333-8FDC-42A3-9474-1A3956D46DE8}") = "1-Quickstart", "1-Quickstart", "{2ED36378-FD1C-47E7-827F-9A85DC54D9C1}"
	ProjectSection(SolutionItems) = preProject
		1-Quickstart\test.asm = 1-Quickstart\test.asm
	EndProjectSection
EndProject
Project("{2150E333-8FDC-42A3-9474-1A3956D46DE8}") = "2-6502 Microprocessor Basics", "2-6502 Microprocessor Basics", "{DD69C951-1EC8-4856-895D-EBB23BC74950}"
	ProjectSection(SolutionItems) = preProject
		2-6502 Microprocessor Basics\1ScreenColor.asm = 2-6502 Microprocessor Basics\1ScreenColor.asm
		2-6502 Microprocessor Basics\2RelativeAddressing.asm = 2-6502 Microprocessor Basics\2RelativeAddressing.asm
		2-6502 Microprocessor Basics\3IncDecRegisters.asm = 2-6502 Microprocessor Basics\3IncDecRegisters.asm
	EndProjectSection
EndProject
Project("{2150E333-8FDC-42A3-9474-1A3956D46DE8}") = "3-6502 Arithmetics", "3-6502 Arithmetics", "{A2BBC865-18D7-4227-9766-E6ED15EF8F72}"
	ProjectSection(SolutionItems) = preProject
		3-6502 Arithmetics\1INY.asm = 3-6502 Arithmetics\1INY.asm
		3-6502 Arithmetics\2ADCCLC.asm = 3-6502 Arithmetics\2ADCCLC.asm
		3-6502 Arithmetics\3SBCSEC.asm = 3-6502 Arithmetics\3SBCSEC.asm
		3-6502 Arithmetics\4ASLBitShifting.asm = 3-6502 Arithmetics\4ASLBitShifting.asm
	EndProjectSection
EndProject
Project("{2150E333-8FDC-42A3-9474-1A3956D46DE8}") = "4-Rendering a Sprite", "4-Rendering a Sprite", "{05614EDE-47D0-4A8A-A137-7AF7D1348193}"
	ProjectSection(SolutionItems) = preProject
		4-Rendering a Sprite\Sprites.asm = 4-Rendering a Sprite\Sprites.asm
	EndProjectSection
EndProject
Project("{2150E333-8FDC-42A3-9474-1A3956D46DE8}") = "5-Clear Loop", "5-Clear Loop", "{C0D21DAA-42A2-40E2-B275-14E648EB23FF}"
	ProjectSection(SolutionItems) = preProject
		5-Clear Loop\ClearLoop.asm = 5-Clear Loop\ClearLoop.asm
	EndProjectSection
EndProject
Project("{2150E333-8FDC-42A3-9474-1A3956D46DE8}") = "6-Raster Lines", "6-Raster Lines", "{44B0E9EE-D73E-43D0-9FF9-550EA33DE7C3}"
	ProjectSection(SolutionItems) = preProject
		6-Raster Lines\RasterLines.asm = 6-Raster Lines\RasterLines.asm
	EndProjectSection
EndProject
Project("{2150E333-8FDC-42A3-9474-1A3956D46DE8}") = "7-Bitmaps", "7-Bitmaps", "{2B4CD5D8-EBE6-4422-B7EC-B9610E8FCC46}"
	ProjectSection(SolutionItems) = preProject
		7-Bitmaps\Bitmaps.asm = 7-Bitmaps\Bitmaps.asm
	EndProjectSection
EndProject
Project("{2150E333-8FDC-42A3-9474-1A3956D46DE8}") = "8-TextCharsets", "8-TextCharsets", "{93969AAD-F45E-428D-9CD8-54E697D74ACB}"
	ProjectSection(SolutionItems) = preProject
		8-TextCharsets\TextCharset.asm = 8-TextCharsets\TextCharset.asm
	EndProjectSection
EndProject
Project("{2150E333-8FDC-42A3-9474-1A3956D46DE8}") = "9-InterruptsMusic", "9-InterruptsMusic", "{3F8C8034-B928-4297-9A8D-2BF74563D0D4}"
	ProjectSection(SolutionItems) = preProject
		9-InterruptsMusic\InterruptsMusic.asm = 9-InterruptsMusic\InterruptsMusic.asm
	EndProjectSection
EndProject
Global
	GlobalSection(SolutionProperties) = preSolution
		HideSolutionNode = FALSE
	EndGlobalSection
EndGlobal
